// !$*UTF8*$!
{
	archiveVersion = 1;
	classes = {
	};
	objectVersion = 56;
	objects = {

/* Begin PBXBuildFile section */
		24B649572BB1F4AC003FC89C /* AppDelegate.swift in Sources */ = {isa = PBXBuildFile; fileRef = 24B649562BB1F4AC003FC89C /* AppDelegate.swift */; };
		24B649592BB1F4AC003FC89C /* SceneDelegate.swift in Sources */ = {isa = PBXBuildFile; fileRef = 24B649582BB1F4AC003FC89C /* SceneDelegate.swift */; };
		24B6495B2BB1F4AC003FC89C /* CharacterViewController.swift in Sources */ = {isa = PBXBuildFile; fileRef = 24B6495A2BB1F4AC003FC89C /* CharacterViewController.swift */; };
		24B649602BB1F4AE003FC89C /* Assets.xcassets in Resources */ = {isa = PBXBuildFile; fileRef = 24B6495F2BB1F4AE003FC89C /* Assets.xcassets */; };
		24B649632BB1F4AE003FC89C /* LaunchScreen.storyboard in Resources */ = {isa = PBXBuildFile; fileRef = 24B649612BB1F4AE003FC89C /* LaunchScreen.storyboard */; };
		24B6496D2BB1F758003FC89C /* CharacterUseCase.swift in Sources */ = {isa = PBXBuildFile; fileRef = 24B6496C2BB1F758003FC89C /* CharacterUseCase.swift */; };
		24B6496F2BB1FA28003FC89C /* CharacterResponse.swift in Sources */ = {isa = PBXBuildFile; fileRef = 24B6496E2BB1FA28003FC89C /* CharacterResponse.swift */; };
		24B649722BB1FB9D003FC89C /* HomeTabBarController.swift in Sources */ = {isa = PBXBuildFile; fileRef = 24B649712BB1FB9D003FC89C /* HomeTabBarController.swift */; };
		24B649762BB1FE6B003FC89C /* CustomCollectionViewCell.swift in Sources */ = {isa = PBXBuildFile; fileRef = 24B649752BB1FE6B003FC89C /* CustomCollectionViewCell.swift */; };
		24B649792BB1FFD1003FC89C /* ImageDownloader.swift in Sources */ = {isa = PBXBuildFile; fileRef = 24B649782BB1FFD1003FC89C /* ImageDownloader.swift */; };
		24B6497C2BB20E56003FC89C /* LocationViewController.swift in Sources */ = {isa = PBXBuildFile; fileRef = 24B6497B2BB20E56003FC89C /* LocationViewController.swift */; };
		24B6497E2BB2400E003FC89C /* CharacterInteractor.swift in Sources */ = {isa = PBXBuildFile; fileRef = 24B6497D2BB2400E003FC89C /* CharacterInteractor.swift */; };
		24B649802BB2401F003FC89C /* CharacterPresenter.swift in Sources */ = {isa = PBXBuildFile; fileRef = 24B6497F2BB2401F003FC89C /* CharacterPresenter.swift */; };
		24B649822BB24468003FC89C /* HomeTabBarFactory.swift in Sources */ = {isa = PBXBuildFile; fileRef = 24B649812BB24468003FC89C /* HomeTabBarFactory.swift */; };
		24B649842BB24511003FC89C /* HomeTabBarInteractor.swift in Sources */ = {isa = PBXBuildFile; fileRef = 24B649832BB24511003FC89C /* HomeTabBarInteractor.swift */; };
		24B649862BB2451B003FC89C /* HomeTabBarPresenter.swift in Sources */ = {isa = PBXBuildFile; fileRef = 24B649852BB2451B003FC89C /* HomeTabBarPresenter.swift */; };
		24B649882BB3A59A003FC89C /* CharacterFactory.swift in Sources */ = {isa = PBXBuildFile; fileRef = 24B649872BB3A59A003FC89C /* CharacterFactory.swift */; };
/* End PBXBuildFile section */

/* Begin PBXFileReference section */
		24B649532BB1F4AC003FC89C /* rick-and-morty-app.app */ = {isa = PBXFileReference; explicitFileType = wrapper.application; includeInIndex = 0; path = "rick-and-morty-app.app"; sourceTree = BUILT_PRODUCTS_DIR; };
		24B649562BB1F4AC003FC89C /* AppDelegate.swift */ = {isa = PBXFileReference; lastKnownFileType = sourcecode.swift; path = AppDelegate.swift; sourceTree = "<group>"; };
		24B649582BB1F4AC003FC89C /* SceneDelegate.swift */ = {isa = PBXFileReference; lastKnownFileType = sourcecode.swift; path = SceneDelegate.swift; sourceTree = "<group>"; };
		24B6495A2BB1F4AC003FC89C /* CharacterViewController.swift */ = {isa = PBXFileReference; lastKnownFileType = sourcecode.swift; path = CharacterViewController.swift; sourceTree = "<group>"; };
		24B6495F2BB1F4AE003FC89C /* Assets.xcassets */ = {isa = PBXFileReference; lastKnownFileType = folder.assetcatalog; path = Assets.xcassets; sourceTree = "<group>"; };
		24B649622BB1F4AE003FC89C /* Base */ = {isa = PBXFileReference; lastKnownFileType = file.storyboard; name = Base; path = Base.lproj/LaunchScreen.storyboard; sourceTree = "<group>"; };
		24B649642BB1F4AE003FC89C /* Info.plist */ = {isa = PBXFileReference; lastKnownFileType = text.plist.xml; path = Info.plist; sourceTree = "<group>"; };
		24B6496C2BB1F758003FC89C /* CharacterUseCase.swift */ = {isa = PBXFileReference; lastKnownFileType = sourcecode.swift; path = CharacterUseCase.swift; sourceTree = "<group>"; };
		24B6496E2BB1FA28003FC89C /* CharacterResponse.swift */ = {isa = PBXFileReference; lastKnownFileType = sourcecode.swift; path = CharacterResponse.swift; sourceTree = "<group>"; };
		24B649712BB1FB9D003FC89C /* HomeTabBarController.swift */ = {isa = PBXFileReference; lastKnownFileType = sourcecode.swift; path = HomeTabBarController.swift; sourceTree = "<group>"; };
		24B649752BB1FE6B003FC89C /* CustomCollectionViewCell.swift */ = {isa = PBXFileReference; lastKnownFileType = sourcecode.swift; path = CustomCollectionViewCell.swift; sourceTree = "<group>"; };
		24B649782BB1FFD1003FC89C /* ImageDownloader.swift */ = {isa = PBXFileReference; lastKnownFileType = sourcecode.swift; path = ImageDownloader.swift; sourceTree = "<group>"; };
		24B6497B2BB20E56003FC89C /* LocationViewController.swift */ = {isa = PBXFileReference; lastKnownFileType = sourcecode.swift; path = LocationViewController.swift; sourceTree = "<group>"; };
		24B6497D2BB2400E003FC89C /* CharacterInteractor.swift */ = {isa = PBXFileReference; lastKnownFileType = sourcecode.swift; path = CharacterInteractor.swift; sourceTree = "<group>"; };
		24B6497F2BB2401F003FC89C /* CharacterPresenter.swift */ = {isa = PBXFileReference; lastKnownFileType = sourcecode.swift; path = CharacterPresenter.swift; sourceTree = "<group>"; };
		24B649812BB24468003FC89C /* HomeTabBarFactory.swift */ = {isa = PBXFileReference; lastKnownFileType = sourcecode.swift; path = HomeTabBarFactory.swift; sourceTree = "<group>"; };
		24B649832BB24511003FC89C /* HomeTabBarInteractor.swift */ = {isa = PBXFileReference; lastKnownFileType = sourcecode.swift; path = HomeTabBarInteractor.swift; sourceTree = "<group>"; };
		24B649852BB2451B003FC89C /* HomeTabBarPresenter.swift */ = {isa = PBXFileReference; lastKnownFileType = sourcecode.swift; path = HomeTabBarPresenter.swift; sourceTree = "<group>"; };
		24B649872BB3A59A003FC89C /* CharacterFactory.swift */ = {isa = PBXFileReference; lastKnownFileType = sourcecode.swift; path = CharacterFactory.swift; sourceTree = "<group>"; };
/* End PBXFileReference section */

/* Begin PBXFrameworksBuildPhase section */
		24B649502BB1F4AC003FC89C /* Frameworks */ = {
			isa = PBXFrameworksBuildPhase;
			buildActionMask = 2147483647;
			files = (
			);
			runOnlyForDeploymentPostprocessing = 0;
		};
/* End PBXFrameworksBuildPhase section */

/* Begin PBXGroup section */
		24B6494A2BB1F4AC003FC89C = {
			isa = PBXGroup;
			children = (
				24B649552BB1F4AC003FC89C /* rick-and-morty-app */,
				24B649542BB1F4AC003FC89C /* Products */,
			);
			sourceTree = "<group>";
		};
		24B649542BB1F4AC003FC89C /* Products */ = {
			isa = PBXGroup;
			children = (
				24B649532BB1F4AC003FC89C /* rick-and-morty-app.app */,
			);
			name = Products;
			sourceTree = "<group>";
		};
		24B649552BB1F4AC003FC89C /* rick-and-morty-app */ = {
			isa = PBXGroup;
			children = (
				24B6497A2BB20E47003FC89C /* Location */,
				24B649772BB1FFBB003FC89C /* Utils */,
				24B649702BB1FB89003FC89C /* Home */,
				24B6496A2BB1F726003FC89C /* Character */,
				24B649562BB1F4AC003FC89C /* AppDelegate.swift */,
				24B649582BB1F4AC003FC89C /* SceneDelegate.swift */,
				24B6495F2BB1F4AE003FC89C /* Assets.xcassets */,
				24B649612BB1F4AE003FC89C /* LaunchScreen.storyboard */,
				24B649642BB1F4AE003FC89C /* Info.plist */,
			);
			path = "rick-and-morty-app";
			sourceTree = "<group>";
		};
		24B6496A2BB1F726003FC89C /* Character */ = {
			isa = PBXGroup;
			children = (
				24B649872BB3A59A003FC89C /* CharacterFactory.swift */,
				24B6497F2BB2401F003FC89C /* CharacterPresenter.swift */,
				24B6497D2BB2400E003FC89C /* CharacterInteractor.swift */,
				24B649752BB1FE6B003FC89C /* CustomCollectionViewCell.swift */,
				24B6495A2BB1F4AC003FC89C /* CharacterViewController.swift */,
				24B6496B2BB1F742003FC89C /* Service */,
			);
			path = Character;
			sourceTree = "<group>";
		};
		24B6496B2BB1F742003FC89C /* Service */ = {
			isa = PBXGroup;
			children = (
				24B6496C2BB1F758003FC89C /* CharacterUseCase.swift */,
				24B6496E2BB1FA28003FC89C /* CharacterResponse.swift */,
			);
			path = Service;
			sourceTree = "<group>";
		};
		24B649702BB1FB89003FC89C /* Home */ = {
			isa = PBXGroup;
			children = (
				24B649712BB1FB9D003FC89C /* HomeTabBarController.swift */,
				24B649812BB24468003FC89C /* HomeTabBarFactory.swift */,
				24B649832BB24511003FC89C /* HomeTabBarInteractor.swift */,
				24B649852BB2451B003FC89C /* HomeTabBarPresenter.swift */,
			);
			path = Home;
			sourceTree = "<group>";
		};
		24B649772BB1FFBB003FC89C /* Utils */ = {
			isa = PBXGroup;
			children = (
				24B649782BB1FFD1003FC89C /* ImageDownloader.swift */,
			);
			path = Utils;
			sourceTree = "<group>";
		};
		24B6497A2BB20E47003FC89C /* Location */ = {
			isa = PBXGroup;
			children = (
				24B6497B2BB20E56003FC89C /* LocationViewController.swift */,
			);
			path = Location;
			sourceTree = "<group>";
		};
/* End PBXGroup section */

/* Begin PBXNativeTarget section */
		24B649522BB1F4AC003FC89C /* rick-and-morty-app */ = {
			isa = PBXNativeTarget;
			buildConfigurationList = 24B649672BB1F4AE003FC89C /* Build configuration list for PBXNativeTarget "rick-and-morty-app" */;
			buildPhases = (
				24B6494F2BB1F4AC003FC89C /* Sources */,
				24B649502BB1F4AC003FC89C /* Frameworks */,
				24B649512BB1F4AC003FC89C /* Resources */,
			);
			buildRules = (
			);
			dependencies = (
			);
			name = "rick-and-morty-app";
			productName = "rick-and-morty-app";
			productReference = 24B649532BB1F4AC003FC89C /* rick-and-morty-app.app */;
			productType = "com.apple.product-type.application";
		};
/* End PBXNativeTarget section */

/* Begin PBXProject section */
		24B6494B2BB1F4AC003FC89C /* Project object */ = {
			isa = PBXProject;
			attributes = {
				BuildIndependentTargetsInParallel = 1;
				LastSwiftUpdateCheck = 1500;
				LastUpgradeCheck = 1500;
				TargetAttributes = {
					24B649522BB1F4AC003FC89C = {
						CreatedOnToolsVersion = 15.0;
					};
				};
			};
			buildConfigurationList = 24B6494E2BB1F4AC003FC89C /* Build configuration list for PBXProject "rick-and-morty-app" */;
			compatibilityVersion = "Xcode 14.0";
			developmentRegion = en;
			hasScannedForEncodings = 0;
			knownRegions = (
				en,
				Base,
			);
			mainGroup = 24B6494A2BB1F4AC003FC89C;
			productRefGroup = 24B649542BB1F4AC003FC89C /* Products */;
			projectDirPath = "";
			projectRoot = "";
			targets = (
				24B649522BB1F4AC003FC89C /* rick-and-morty-app */,
			);
		};
/* End PBXProject section */

/* Begin PBXResourcesBuildPhase section */
		24B649512BB1F4AC003FC89C /* Resources */ = {
			isa = PBXResourcesBuildPhase;
			buildActionMask = 2147483647;
			files = (
				24B649632BB1F4AE003FC89C /* LaunchScreen.storyboard in Resources */,
				24B649602BB1F4AE003FC89C /* Assets.xcassets in Resources */,
			);
			runOnlyForDeploymentPostprocessing = 0;
		};
/* End PBXResourcesBuildPhase section */

/* Begin PBXSourcesBuildPhase section */
		24B6494F2BB1F4AC003FC89C /* Sources */ = {
			isa = PBXSourcesBuildPhase;
			buildActionMask = 2147483647;
			files = (
				24B649802BB2401F003FC89C /* CharacterPresenter.swift in Sources */,
				24B6495B2BB1F4AC003FC89C /* CharacterViewController.swift in Sources */,
				24B649572BB1F4AC003FC89C /* AppDelegate.swift in Sources */,
				24B649822BB24468003FC89C /* HomeTabBarFactory.swift in Sources */,
				24B649762BB1FE6B003FC89C /* CustomCollectionViewCell.swift in Sources */,
				24B649882BB3A59A003FC89C /* CharacterFactory.swift in Sources */,
				24B649862BB2451B003FC89C /* HomeTabBarPresenter.swift in Sources */,
				24B649722BB1FB9D003FC89C /* HomeTabBarController.swift in Sources */,
				24B6497E2BB2400E003FC89C /* CharacterInteractor.swift in Sources */,
				24B6497C2BB20E56003FC89C /* LocationViewController.swift in Sources */,
				24B6496F2BB1FA28003FC89C /* CharacterResponse.swift in Sources */,
				24B649592BB1F4AC003FC89C /* SceneDelegate.swift in Sources */,
				24B649842BB24511003FC89C /* HomeTabBarInteractor.swift in Sources */,
				24B649792BB1FFD1003FC89C /* ImageDownloader.swift in Sources */,
				24B6496D2BB1F758003FC89C /* CharacterUseCase.swift in Sources */,
			);
			runOnlyForDeploymentPostprocessing = 0;
		};
/* End PBXSourcesBuildPhase section */

/* Begin PBXVariantGroup section */
		24B649612BB1F4AE003FC89C /* LaunchScreen.storyboard */ = {
			isa = PBXVariantGroup;
			children = (
				24B649622BB1F4AE003FC89C /* Base */,
			);
			name = LaunchScreen.storyboard;
			sourceTree = "<group>";
		};
/* End PBXVariantGroup section */

/* Begin XCBuildConfiguration section */
		24B649652BB1F4AE003FC89C /* Debug */ = {
			isa = XCBuildConfiguration;
			buildSettings = {
				ALWAYS_SEARCH_USER_PATHS = NO;
				ASSETCATALOG_COMPILER_GENERATE_SWIFT_ASSET_SYMBOL_EXTENSIONS = YES;
				CLANG_ANALYZER_NONNULL = YES;
				CLANG_ANALYZER_NUMBER_OBJECT_CONVERSION = YES_AGGRESSIVE;
				CLANG_CXX_LANGUAGE_STANDARD = "gnu++20";
				CLANG_ENABLE_MODULES = YES;
				CLANG_ENABLE_OBJC_ARC = YES;
				CLANG_ENABLE_OBJC_WEAK = YES;
				CLANG_WARN_BLOCK_CAPTURE_AUTORELEASING = YES;
				CLANG_WARN_BOOL_CONVERSION = YES;
				CLANG_WARN_COMMA = YES;
				CLANG_WARN_CONSTANT_CONVERSION = YES;
				CLANG_WARN_DEPRECATED_OBJC_IMPLEMENTATIONS = YES;
				CLANG_WARN_DIRECT_OBJC_ISA_USAGE = YES_ERROR;
				CLANG_WARN_DOCUMENTATION_COMMENTS = YES;
				CLANG_WARN_EMPTY_BODY = YES;
				CLANG_WARN_ENUM_CONVERSION = YES;
				CLANG_WARN_INFINITE_RECURSION = YES;
				CLANG_WARN_INT_CONVERSION = YES;
				CLANG_WARN_NON_LITERAL_NULL_CONVERSION = YES;
				CLANG_WARN_OBJC_IMPLICIT_RETAIN_SELF = YES;
				CLANG_WARN_OBJC_LITERAL_CONVERSION = YES;
				CLANG_WARN_OBJC_ROOT_CLASS = YES_ERROR;
				CLANG_WARN_QUOTED_INCLUDE_IN_FRAMEWORK_HEADER = YES;
				CLANG_WARN_RANGE_LOOP_ANALYSIS = YES;
				CLANG_WARN_STRICT_PROTOTYPES = YES;
				CLANG_WARN_SUSPICIOUS_MOVE = YES;
				CLANG_WARN_UNGUARDED_AVAILABILITY = YES_AGGRESSIVE;
				CLANG_WARN_UNREACHABLE_CODE = YES;
				CLANG_WARN__DUPLICATE_METHOD_MATCH = YES;
				COPY_PHASE_STRIP = NO;
				DEBUG_INFORMATION_FORMAT = dwarf;
				ENABLE_STRICT_OBJC_MSGSEND = YES;
				ENABLE_TESTABILITY = YES;
				ENABLE_USER_SCRIPT_SANDBOXING = YES;
				GCC_C_LANGUAGE_STANDARD = gnu17;
				GCC_DYNAMIC_NO_PIC = NO;
				GCC_NO_COMMON_BLOCKS = YES;
				GCC_OPTIMIZATION_LEVEL = 0;
				GCC_PREPROCESSOR_DEFINITIONS = (
					"DEBUG=1",
					"$(inherited)",
				);
				GCC_WARN_64_TO_32_BIT_CONVERSION = YES;
				GCC_WARN_ABOUT_RETURN_TYPE = YES_ERROR;
				GCC_WARN_UNDECLARED_SELECTOR = YES;
				GCC_WARN_UNINITIALIZED_AUTOS = YES_AGGRESSIVE;
				GCC_WARN_UNUSED_FUNCTION = YES;
				GCC_WARN_UNUSED_VARIABLE = YES;
				IPHONEOS_DEPLOYMENT_TARGET = 17.0;
				LOCALIZATION_PREFERS_STRING_CATALOGS = YES;
				MTL_ENABLE_DEBUG_INFO = INCLUDE_SOURCE;
				MTL_FAST_MATH = YES;
				ONLY_ACTIVE_ARCH = YES;
				SDKROOT = iphoneos;
				SWIFT_ACTIVE_COMPILATION_CONDITIONS = "DEBUG $(inherited)";
				SWIFT_OPTIMIZATION_LEVEL = "-Onone";
			};
			name = Debug;
		};
		24B649662BB1F4AE003FC89C /* Release */ = {
			isa = XCBuildConfiguration;
			buildSettings = {
				ALWAYS_SEARCH_USER_PATHS = NO;
				ASSETCATALOG_COMPILER_GENERATE_SWIFT_ASSET_SYMBOL_EXTENSIONS = YES;
				CLANG_ANALYZER_NONNULL = YES;
				CLANG_ANALYZER_NUMBER_OBJECT_CONVERSION = YES_AGGRESSIVE;
				CLANG_CXX_LANGUAGE_STANDARD = "gnu++20";
				CLANG_ENABLE_MODULES = YES;
				CLANG_ENABLE_OBJC_ARC = YES;
				CLANG_ENABLE_OBJC_WEAK = YES;
				CLANG_WARN_BLOCK_CAPTURE_AUTORELEASING = YES;
				CLANG_WARN_BOOL_CONVERSION = YES;
				CLANG_WARN_COMMA = YES;
				CLANG_WARN_CONSTANT_CONVERSION = YES;
				CLANG_WARN_DEPRECATED_OBJC_IMPLEMENTATIONS = YES;
				CLANG_WARN_DIRECT_OBJC_ISA_USAGE = YES_ERROR;
				CLANG_WARN_DOCUMENTATION_COMMENTS = YES;
				CLANG_WARN_EMPTY_BODY = YES;
				CLANG_WARN_ENUM_CONVERSION = YES;
				CLANG_WARN_INFINITE_RECURSION = YES;
				CLANG_WARN_INT_CONVERSION = YES;
				CLANG_WARN_NON_LITERAL_NULL_CONVERSION = YES;
				CLANG_WARN_OBJC_IMPLICIT_RETAIN_SELF = YES;
				CLANG_WARN_OBJC_LITERAL_CONVERSION = YES;
				CLANG_WARN_OBJC_ROOT_CLASS = YES_ERROR;
				CLANG_WARN_QUOTED_INCLUDE_IN_FRAMEWORK_HEADER = YES;
				CLANG_WARN_RANGE_LOOP_ANALYSIS = YES;
				CLANG_WARN_STRICT_PROTOTYPES = YES;
				CLANG_WARN_SUSPICIOUS_MOVE = YES;
				CLANG_WARN_UNGUARDED_AVAILABILITY = YES_AGGRESSIVE;
				CLANG_WARN_UNREACHABLE_CODE = YES;
				CLANG_WARN__DUPLICATE_METHOD_MATCH = YES;
				COPY_PHASE_STRIP = NO;
				DEBUG_INFORMATION_FORMAT = "dwarf-with-dsym";
				ENABLE_NS_ASSERTIONS = NO;
				ENABLE_STRICT_OBJC_MSGSEND = YES;
				ENABLE_USER_SCRIPT_SANDBOXING = YES;
				GCC_C_LANGUAGE_STANDARD = gnu17;
				GCC_NO_COMMON_BLOCKS = YES;
				GCC_WARN_64_TO_32_BIT_CONVERSION = YES;
				GCC_WARN_ABOUT_RETURN_TYPE = YES_ERROR;
				GCC_WARN_UNDECLARED_SELECTOR = YES;
				GCC_WARN_UNINITIALIZED_AUTOS = YES_AGGRESSIVE;
				GCC_WARN_UNUSED_FUNCTION = YES;
				GCC_WARN_UNUSED_VARIABLE = YES;
				IPHONEOS_DEPLOYMENT_TARGET = 17.0;
				LOCALIZATION_PREFERS_STRING_CATALOGS = YES;
				MTL_ENABLE_DEBUG_INFO = NO;
				MTL_FAST_MATH = YES;
				SDKROOT = iphoneos;
				SWIFT_COMPILATION_MODE = wholemodule;
				VALIDATE_PRODUCT = YES;
			};
			name = Release;
		};
		24B649682BB1F4AE003FC89C /* Debug */ = {
			isa = XCBuildConfiguration;
			buildSettings = {
				ASSETCATALOG_COMPILER_APPICON_NAME = AppIcon;
				ASSETCATALOG_COMPILER_GLOBAL_ACCENT_COLOR_NAME = AccentColor;
				CODE_SIGN_STYLE = Automatic;
				CURRENT_PROJECT_VERSION = 1;
				GENERATE_INFOPLIST_FILE = YES;
				INFOPLIST_FILE = "rick-and-morty-app/Info.plist";
				INFOPLIST_KEY_UIApplicationSupportsIndirectInputEvents = YES;
				INFOPLIST_KEY_UILaunchStoryboardName = LaunchScreen;
				INFOPLIST_KEY_UISupportedInterfaceOrientations_iPad = "UIInterfaceOrientationPortrait UIInterfaceOrientationPortraitUpsideDown UIInterfaceOrientationLandscapeLeft UIInterfaceOrientationLandscapeRight";
				INFOPLIST_KEY_UISupportedInterfaceOrientations_iPhone = "UIInterfaceOrientationPortrait UIInterfaceOrientationLandscapeLeft UIInterfaceOrientationLandscapeRight";
				LD_RUNPATH_SEARCH_PATHS = (
					"$(inherited)",
					"@executable_path/Frameworks",
				);
				MARKETING_VERSION = 1.0;
				PRODUCT_BUNDLE_IDENTIFIER = "lys.com.rick-and-morty-app";
				PRODUCT_NAME = "$(TARGET_NAME)";
				SWIFT_EMIT_LOC_STRINGS = YES;
				SWIFT_VERSION = 5.0;
				TARGETED_DEVICE_FAMILY = "1,2";
			};
			name = Debug;
		};
		24B649692BB1F4AE003FC89C /* Release */ = {
			isa = XCBuildConfiguration;
			buildSettings = {
				ASSETCATALOG_COMPILER_APPICON_NAME = AppIcon;
				ASSETCATALOG_COMPILER_GLOBAL_ACCENT_COLOR_NAME = AccentColor;
				CODE_SIGN_STYLE = Automatic;
				CURRENT_PROJECT_VERSION = 1;
				GENERATE_INFOPLIST_FILE = YES;
				INFOPLIST_FILE = "rick-and-morty-app/Info.plist";
				INFOPLIST_KEY_UIApplicationSupportsIndirectInputEvents = YES;
				INFOPLIST_KEY_UILaunchStoryboardName = LaunchScreen;
				INFOPLIST_KEY_UISupportedInterfaceOrientations_iPad = "UIInterfaceOrientationPortrait UIInterfaceOrientationPortraitUpsideDown UIInterfaceOrientationLandscapeLeft UIInterfaceOrientationLandscapeRight";
				INFOPLIST_KEY_UISupportedInterfaceOrientations_iPhone = "UIInterfaceOrientationPortrait UIInterfaceOrientationLandscapeLeft UIInterfaceOrientationLandscapeRight";
				LD_RUNPATH_SEARCH_PATHS = (
					"$(inherited)",
					"@executable_path/Frameworks",
				);
				MARKETING_VERSION = 1.0;
				PRODUCT_BUNDLE_IDENTIFIER = "lys.com.rick-and-morty-app";
				PRODUCT_NAME = "$(TARGET_NAME)";
				SWIFT_EMIT_LOC_STRINGS = YES;
				SWIFT_VERSION = 5.0;
				TARGETED_DEVICE_FAMILY = "1,2";
			};
			name = Release;
		};
/* End XCBuildConfiguration section */

/* Begin XCConfigurationList section */
		24B6494E2BB1F4AC003FC89C /* Build configuration list for PBXProject "rick-and-morty-app" */ = {
			isa = XCConfigurationList;
			buildConfigurations = (
				24B649652BB1F4AE003FC89C /* Debug */,
				24B649662BB1F4AE003FC89C /* Release */,
			);
			defaultConfigurationIsVisible = 0;
			defaultConfigurationName = Release;
		};
		24B649672BB1F4AE003FC89C /* Build configuration list for PBXNativeTarget "rick-and-morty-app" */ = {
			isa = XCConfigurationList;
			buildConfigurations = (
				24B649682BB1F4AE003FC89C /* Debug */,
				24B649692BB1F4AE003FC89C /* Release */,
			);
			defaultConfigurationIsVisible = 0;
			defaultConfigurationName = Release;
		};
/* End XCConfigurationList section */
	};
	rootObject = 24B6494B2BB1F4AC003FC89C /* Project object */;
}
